
Microsoft Visual Studio Solution File, Format Version 12.00
# Visual Studio Version 17
VisualStudioVersion = 17.4.33213.308
MinimumVisualStudioVersion = 10.0.40219.1
Project("{FAE04EC0-301F-11D3-BF4B-00C04F79EFBC}") = "prostaapka1", "prostaapka1\prostaapka1.csproj", "{3697CA63-6717-4A81-B70D-7C0F66545D49}"
EndProject
Global
	GlobalSection(SolutionConfigurationPlatforms) = preSolution
		Debug|Any CPU = Debug|Any CPU
		Release|Any CPU = Release|Any CPU
	EndGlobalSection
	GlobalSection(ProjectConfigurationPlatforms) = postSolution
		{3697CA63-6717-4A81-B70D-7C0F66545D49}.Debug|Any CPU.ActiveCfg = Debug|Any CPU
		{3697CA63-6717-4A81-B70D-7C0F66545D49}.Debug|Any CPU.Build.0 = Debug|Any CPU
		{3697CA63-6717-4A81-B70D-7C0F66545D49}.Release|Any CPU.ActiveCfg = Release|Any CPU
		{3697CA63-6717-4A81-B70D-7C0F66545D49}.Release|Any CPU.Build.0 = Release|Any CPU
	EndGlobalSection
	GlobalSection(SolutionProperties) = preSolution
		HideSolutionNode = FALSE
	EndGlobalSection
	GlobalSection(ExtensibilityGlobals) = postSolution
		SolutionGuid = {65A36E77-8D08-47AD-AF49-1B99F126EC85}
	EndGlobalSection
EndGlobal
